{
  "requires": true,
  "lockfileVersion": 1,
  "dependencies": {
    "@material/animation": {
      "version": "0.39.0",
      "resolved": "https://registry.npmjs.org/@material/animation/-/animation-0.39.0.tgz",
      "integrity": "sha512-f3BGCba0GdYY+eGFnK0L08HLyljgEyBvMLoJoutP225IpvzsLLTqumL/796nFCsouWn6E3G+8BUVjAtzTjU2lA=="
    },
    "@material/base": {
      "version": "0.39.0",
      "resolved": "https://registry.npmjs.org/@material/base/-/base-0.39.0.tgz",
      "integrity": "sha512-B+vMqnOR2JU2dzv/5UPKQUAZAj739pMkJkt3Zy7sJaQnw3j8wTKxiUMUhd9ZHaPx1FBlUNMn2PwOq8YZIn0svA=="
    },
    "@material/elevation": {
      "version": "0.39.1",
      "resolved": "https://registry.npmjs.org/@material/elevation/-/elevation-0.39.1.tgz",
      "integrity": "sha512-ir0lqwpkXhJxUQ6KdCTsM2wZze3Oc54knUMbCUnitOWzIRBvlXUO0zlpld5pj3Mb6ApESA6BiaJb4JfEZmX2MA==",
      "requires": {
        "@material/animation": "^0.39.0",
        "@material/theme": "^0.39.1"
      }
    },
    "@material/ripple": {
      "version": "0.39.3",
      "resolved": "https://registry.npmjs.org/@material/ripple/-/ripple-0.39.3.tgz",
      "integrity": "sha512-MwQjgwK9h13MdKGJT3RTDf9NjCoAS3LmnFpz1fxXgExA1QnoUbB1o7cEaPmqAtZopKVDCf52w1l6Mpf9qEhnCQ==",
      "requires": {
        "@material/animation": "^0.39.0",
        "@material/base": "^0.39.0",
        "@material/theme": "^0.39.1"
      }
    },
    "@material/rtl": {
      "version": "0.39.1",
      "resolved": "https://registry.npmjs.org/@material/rtl/-/rtl-0.39.1.tgz",
      "integrity": "sha512-6RcXv6tQladbl+SboEHUykiDAz7dE5DjBuLNV0KD7yEUCcUV41WXZ5e4oUd1nDWnK0vHzFtNM7D6BGMPZ2T3zA=="
    },
    "@material/theme": {
      "version": "0.39.1",
      "resolved": "https://registry.npmjs.org/@material/theme/-/theme-0.39.1.tgz",
      "integrity": "sha512-c7xjzzHdF4kBl66VJfATBAV9cwD/6TOyVPOWiK5rPxmu9g7uEAe1HmupqJRR1pMFCPX2w85gfvIsxh79EU6YJA=="
    },
    "@material/top-app-bar": {
      "version": "0.39.3",
      "resolved": "https://registry.npmjs.org/@material/top-app-bar/-/top-app-bar-0.39.3.tgz",
      "integrity": "sha512-GLq0NuBVMZpHWZJa8gpevk5oIj7nIVQFDuqI4IG7MfG1kuwn5Qzf5Zj/ZX5d2NwLGb5K/+7CvvrgD9TwWK/C8A==",
      "requires": {
        "@material/animation": "^0.39.0",
        "@material/base": "^0.39.0",
        "@material/elevation": "^0.39.1",
        "@material/ripple": "^0.39.3",
        "@material/rtl": "^0.39.1",
        "@material/theme": "^0.39.1",
        "@material/typography": "^0.39.0"
      }
    },
    "@material/typography": {
      "version": "0.39.0",
      "resolved": "https://registry.npmjs.org/@material/typography/-/typography-0.39.0.tgz",
      "integrity": "sha512-S7YTR2mXuAaPvsgX6jyT1YvWQhH2xHWi+SKJvlunoF/Dw6vq6Ud+APmqigHVRPNCcFt4zkbM7C64IxYjjkIApQ=="
    }
  }
}
